
Microsoft Visual Studio Solution File, Format Version 12.00
# Visual Studio Version 17
VisualStudioVersion = 17.2.32519.379
MinimumVisualStudioVersion = 10.0.40219.1
Project("{FAE04EC0-301F-11D3-BF4B-00C04F79EFBC}") = "ToDoDAL", "ToDoDAL\ToDoDAL.csproj", "{B7048EC4-AAAC-42AC-A5FC-97008925FF10}"
EndProject
Project("{FAE04EC0-301F-11D3-BF4B-00C04F79EFBC}") = "ToDoWebAPI", "ToDoWebAPI\ToDoWebAPI.csproj", "{AE6A721E-8CA8-4AB3-8A79-D6A73AC21C7D}"
EndProject
Project("{FAE04EC0-301F-11D3-BF4B-00C04F79EFBC}") = "ToDoWebAPI.Tests", "ToDoWebAPI.Tests\ToDoWebAPI.Tests.csproj", "{A6FE4BBE-9EC7-4108-831A-3D1EA8203E16}"
EndProject
Project("{9A19103F-16F7-4668-BE54-9A1E7A4F7556}") = "ToDoWebAPI.Core", "ToDoWebAPI.Core\ToDoWebAPI.Core.csproj", "{76F351FE-146E-456E-AAE6-EA269E42C7C0}"
EndProject
Project("{9A19103F-16F7-4668-BE54-9A1E7A4F7556}") = "ToDoDAL.Core", "ToDoDAL.Core\ToDoDAL.Core.csproj", "{13C077A1-CE6C-4D6D-AFB9-5DDE6D7AA875}"
EndProject
Project("{9A19103F-16F7-4668-BE54-9A1E7A4F7556}") = "ToDoBussinessLogic", "ToDoBussinessLogic\ToDoBussinessLogic.csproj", "{396BA7F2-AD3A-42BB-A206-37339DC73BA8}"
EndProject
Project("{9A19103F-16F7-4668-BE54-9A1E7A4F7556}") = "ToDoProviders", "ToDoProviders\ToDoProviders.csproj", "{A5223687-19C4-4AA6-8755-1A45910C63E3}"
EndProject
Project("{FAE04EC0-301F-11D3-BF4B-00C04F79EFBC}") = "ToDoDomainModels", "ToDoDomainModels\ToDoDomainModels.csproj", "{739483F4-367B-4EA8-9F89-A2C36A1E6A87}"
EndProject
Global
	GlobalSection(SolutionConfigurationPlatforms) = preSolution
		Debug|Any CPU = Debug|Any CPU
		Release|Any CPU = Release|Any CPU
	EndGlobalSection
	GlobalSection(ProjectConfigurationPlatforms) = postSolution
		{B7048EC4-AAAC-42AC-A5FC-97008925FF10}.Debug|Any CPU.ActiveCfg = Debug|Any CPU
		{B7048EC4-AAAC-42AC-A5FC-97008925FF10}.Debug|Any CPU.Build.0 = Debug|Any CPU
		{B7048EC4-AAAC-42AC-A5FC-97008925FF10}.Release|Any CPU.ActiveCfg = Release|Any CPU
		{B7048EC4-AAAC-42AC-A5FC-97008925FF10}.Release|Any CPU.Build.0 = Release|Any CPU
		{AE6A721E-8CA8-4AB3-8A79-D6A73AC21C7D}.Debug|Any CPU.ActiveCfg = Debug|Any CPU
		{AE6A721E-8CA8-4AB3-8A79-D6A73AC21C7D}.Debug|Any CPU.Build.0 = Debug|Any CPU
		{AE6A721E-8CA8-4AB3-8A79-D6A73AC21C7D}.Release|Any CPU.ActiveCfg = Release|Any CPU
		{AE6A721E-8CA8-4AB3-8A79-D6A73AC21C7D}.Release|Any CPU.Build.0 = Release|Any CPU
		{A6FE4BBE-9EC7-4108-831A-3D1EA8203E16}.Debug|Any CPU.ActiveCfg = Debug|Any CPU
		{A6FE4BBE-9EC7-4108-831A-3D1EA8203E16}.Debug|Any CPU.Build.0 = Debug|Any CPU
		{A6FE4BBE-9EC7-4108-831A-3D1EA8203E16}.Release|Any CPU.ActiveCfg = Release|Any CPU
		{A6FE4BBE-9EC7-4108-831A-3D1EA8203E16}.Release|Any CPU.Build.0 = Release|Any CPU
		{76F351FE-146E-456E-AAE6-EA269E42C7C0}.Debug|Any CPU.ActiveCfg = Debug|Any CPU
		{76F351FE-146E-456E-AAE6-EA269E42C7C0}.Debug|Any CPU.Build.0 = Debug|Any CPU
		{76F351FE-146E-456E-AAE6-EA269E42C7C0}.Release|Any CPU.ActiveCfg = Release|Any CPU
		{76F351FE-146E-456E-AAE6-EA269E42C7C0}.Release|Any CPU.Build.0 = Release|Any CPU
		{13C077A1-CE6C-4D6D-AFB9-5DDE6D7AA875}.Debug|Any CPU.ActiveCfg = Debug|Any CPU
		{13C077A1-CE6C-4D6D-AFB9-5DDE6D7AA875}.Debug|Any CPU.Build.0 = Debug|Any CPU
		{13C077A1-CE6C-4D6D-AFB9-5DDE6D7AA875}.Release|Any CPU.ActiveCfg = Release|Any CPU
		{13C077A1-CE6C-4D6D-AFB9-5DDE6D7AA875}.Release|Any CPU.Build.0 = Release|Any CPU
		{396BA7F2-AD3A-42BB-A206-37339DC73BA8}.Debug|Any CPU.ActiveCfg = Debug|Any CPU
		{396BA7F2-AD3A-42BB-A206-37339DC73BA8}.Debug|Any CPU.Build.0 = Debug|Any CPU
		{396BA7F2-AD3A-42BB-A206-37339DC73BA8}.Release|Any CPU.ActiveCfg = Release|Any CPU
		{396BA7F2-AD3A-42BB-A206-37339DC73BA8}.Release|Any CPU.Build.0 = Release|Any CPU
		{A5223687-19C4-4AA6-8755-1A45910C63E3}.Debug|Any CPU.ActiveCfg = Debug|Any CPU
		{A5223687-19C4-4AA6-8755-1A45910C63E3}.Debug|Any CPU.Build.0 = Debug|Any CPU
		{A5223687-19C4-4AA6-8755-1A45910C63E3}.Release|Any CPU.ActiveCfg = Release|Any CPU
		{A5223687-19C4-4AA6-8755-1A45910C63E3}.Release|Any CPU.Build.0 = Release|Any CPU
		{739483F4-367B-4EA8-9F89-A2C36A1E6A87}.Debug|Any CPU.ActiveCfg = Debug|Any CPU
		{739483F4-367B-4EA8-9F89-A2C36A1E6A87}.Debug|Any CPU.Build.0 = Debug|Any CPU
		{739483F4-367B-4EA8-9F89-A2C36A1E6A87}.Release|Any CPU.ActiveCfg = Release|Any CPU
		{739483F4-367B-4EA8-9F89-A2C36A1E6A87}.Release|Any CPU.Build.0 = Release|Any CPU
	EndGlobalSection
	GlobalSection(SolutionProperties) = preSolution
		HideSolutionNode = FALSE
	EndGlobalSection
	GlobalSection(ExtensibilityGlobals) = postSolution
		SolutionGuid = {6046A0AE-BE1E-4E77-89D1-FD1420A02B25}
	EndGlobalSection
EndGlobal
